// !$*UTF8*$!
{
	archiveVersion = 1;
	classes = {
	};
	objectVersion = 51;
	objects = {

/* Begin PBXBuildFile section */
		1500410025A860CF00EE53ED /* AddReviewResult.swift in Sources */ = {isa = PBXBuildFile; fileRef = 150040FF25A860CF00EE53ED /* AddReviewResult.swift */; };
		1500410225A860E900EE53ED /* ApproveReviewResult.swift in Sources */ = {isa = PBXBuildFile; fileRef = 1500410125A860E900EE53ED /* ApproveReviewResult.swift */; };
		1500410425A8610300EE53ED /* RemoveReviewResult.swift in Sources */ = {isa = PBXBuildFile; fileRef = 1500410325A8610300EE53ED /* RemoveReviewResult.swift */; };
		1500410625A8629900EE53ED /* ReviewRequestFactory.swift in Sources */ = {isa = PBXBuildFile; fileRef = 1500410525A8629900EE53ED /* ReviewRequestFactory.swift */; };
		1500410825A8645400EE53ED /* Review.swift in Sources */ = {isa = PBXBuildFile; fileRef = 1500410725A8645400EE53ED /* Review.swift */; };
		1500410C25A86DA000EE53ED /* ReviewTest.swift in Sources */ = {isa = PBXBuildFile; fileRef = 1500410B25A86DA000EE53ED /* ReviewTest.swift */; };
		151359A02597359000E0CB81 /* GoodsTest.swift in Sources */ = {isa = PBXBuildFile; fileRef = 1513599F2597358F00E0CB81 /* GoodsTest.swift */; };
		151359A22597387A00E0CB81 /* LoginTest.swift in Sources */ = {isa = PBXBuildFile; fileRef = 151359A12597387A00E0CB81 /* LoginTest.swift */; };
		1574C92A25B07781001A210B /* AddToBasketResult.swift in Sources */ = {isa = PBXBuildFile; fileRef = 1574C92925B07781001A210B /* AddToBasketResult.swift */; };
		1574C92C25B077CE001A210B /* GetBasketResult.swift in Sources */ = {isa = PBXBuildFile; fileRef = 1574C92B25B077CE001A210B /* GetBasketResult.swift */; };
		1574C92E25B0780E001A210B /* RemoveFromBasketResult.swift in Sources */ = {isa = PBXBuildFile; fileRef = 1574C92D25B0780E001A210B /* RemoveFromBasketResult.swift */; };
		1574C93025B0783B001A210B /* PayOrderResult.swift in Sources */ = {isa = PBXBuildFile; fileRef = 1574C92F25B0783B001A210B /* PayOrderResult.swift */; };
		1574C93225B078F0001A210B /* BasketRequestFactory.swift in Sources */ = {isa = PBXBuildFile; fileRef = 1574C93125B078F0001A210B /* BasketRequestFactory.swift */; };
		1574C93425B07971001A210B /* Basket.swift in Sources */ = {isa = PBXBuildFile; fileRef = 1574C93325B07971001A210B /* Basket.swift */; };
		15A50C0C2591E96F00C4D9B0 /* User.swift in Sources */ = {isa = PBXBuildFile; fileRef = 15A50C0B2591E96F00C4D9B0 /* User.swift */; };
		15A50C0E2591E9BA00C4D9B0 /* RegisterResult.swift in Sources */ = {isa = PBXBuildFile; fileRef = 15A50C0D2591E9BA00C4D9B0 /* RegisterResult.swift */; };
		15A50C102591E9E200C4D9B0 /* LoginResult.swift in Sources */ = {isa = PBXBuildFile; fileRef = 15A50C0F2591E9E200C4D9B0 /* LoginResult.swift */; };
		15A50C122591E9FB00C4D9B0 /* LogoutResult.swift in Sources */ = {isa = PBXBuildFile; fileRef = 15A50C112591E9FB00C4D9B0 /* LogoutResult.swift */; };
		15A50C142591EA1100C4D9B0 /* ChangeUserDataResult.swift in Sources */ = {isa = PBXBuildFile; fileRef = 15A50C132591EA1100C4D9B0 /* ChangeUserDataResult.swift */; };
		15A50C162591EABB00C4D9B0 /* AbstractErrorParser.swift in Sources */ = {isa = PBXBuildFile; fileRef = 15A50C152591EABB00C4D9B0 /* AbstractErrorParser.swift */; };
		15A50C182591EADB00C4D9B0 /* ErrorParser.swift in Sources */ = {isa = PBXBuildFile; fileRef = 15A50C172591EADB00C4D9B0 /* ErrorParser.swift */; };
		15A50C1A2591EB0E00C4D9B0 /* ResponseCodable.swift in Sources */ = {isa = PBXBuildFile; fileRef = 15A50C192591EB0E00C4D9B0 /* ResponseCodable.swift */; };
		15A50C1C2591EB3400C4D9B0 /* AbstractRequestFactory.swift in Sources */ = {isa = PBXBuildFile; fileRef = 15A50C1B2591EB3400C4D9B0 /* AbstractRequestFactory.swift */; };
		15A50C1E2591EB5500C4D9B0 /* RequestRouter.swift in Sources */ = {isa = PBXBuildFile; fileRef = 15A50C1D2591EB5500C4D9B0 /* RequestRouter.swift */; };
		15A50C202591FAF600C4D9B0 /* RequestFactory.swift in Sources */ = {isa = PBXBuildFile; fileRef = 15A50C1F2591FAF600C4D9B0 /* RequestFactory.swift */; };
		15A50C222591FB2B00C4D9B0 /* AuthRequestFactory.swift in Sources */ = {isa = PBXBuildFile; fileRef = 15A50C212591FB2B00C4D9B0 /* AuthRequestFactory.swift */; };
		15A50C242591FB5600C4D9B0 /* Auth.swift in Sources */ = {isa = PBXBuildFile; fileRef = 15A50C232591FB5600C4D9B0 /* Auth.swift */; };
		15A50C262591FBBE00C4D9B0 /* RegisterRequestFactory.swift in Sources */ = {isa = PBXBuildFile; fileRef = 15A50C252591FBBE00C4D9B0 /* RegisterRequestFactory.swift */; };
		15A50C282591FBE200C4D9B0 /* Register.swift in Sources */ = {isa = PBXBuildFile; fileRef = 15A50C272591FBE200C4D9B0 /* Register.swift */; };
		15A50C2A2591FC1900C4D9B0 /* ChangeUserDataRequestFactory.swift in Sources */ = {isa = PBXBuildFile; fileRef = 15A50C292591FC1900C4D9B0 /* ChangeUserDataRequestFactory.swift */; };
		15A50C2C2591FC3B00C4D9B0 /* ChangeUserData.swift in Sources */ = {isa = PBXBuildFile; fileRef = 15A50C2B2591FC3B00C4D9B0 /* ChangeUserData.swift */; };
		15B18F842595F6D000E62D84 /* CatalogArray.swift in Sources */ = {isa = PBXBuildFile; fileRef = 15B18F832595F6D000E62D84 /* CatalogArray.swift */; };
		15B18F862595F77E00E62D84 /* CatalogRequestFactory.swift in Sources */ = {isa = PBXBuildFile; fileRef = 15B18F852595F77E00E62D84 /* CatalogRequestFactory.swift */; };
		15B18F88259602C500E62D84 /* ProductResult.swift in Sources */ = {isa = PBXBuildFile; fileRef = 15B18F87259602C500E62D84 /* ProductResult.swift */; };
		15B18F8A2596102600E62D84 /* Goods.swift in Sources */ = {isa = PBXBuildFile; fileRef = 15B18F892596102600E62D84 /* Goods.swift */; };
		15F6323E25B2EF5700C66466 /* BasketTest.swift in Sources */ = {isa = PBXBuildFile; fileRef = 15F6323D25B2EF5700C66466 /* BasketTest.swift */; };
		15FE6898258E09ED0082FB3B /* AppDelegate.swift in Sources */ = {isa = PBXBuildFile; fileRef = 15FE6897258E09ED0082FB3B /* AppDelegate.swift */; };
		15FE689A258E09ED0082FB3B /* SceneDelegate.swift in Sources */ = {isa = PBXBuildFile; fileRef = 15FE6899258E09ED0082FB3B /* SceneDelegate.swift */; };
		15FE68A1258E09F30082FB3B /* Assets.xcassets in Resources */ = {isa = PBXBuildFile; fileRef = 15FE68A0258E09F30082FB3B /* Assets.xcassets */; };
		15FE68A4258E09F30082FB3B /* LaunchScreen.storyboard in Resources */ = {isa = PBXBuildFile; fileRef = 15FE68A2258E09F30082FB3B /* LaunchScreen.storyboard */; };
		15FE68BA258E09F40082FB3B /* GBShopUITests.swift in Sources */ = {isa = PBXBuildFile; fileRef = 15FE68B9258E09F40082FB3B /* GBShopUITests.swift */; };
		6A54508A50FBD74901590676 /* Pods_GBShop.framework in Frameworks */ = {isa = PBXBuildFile; fileRef = FCAB2589B3C8DA369D37768D /* Pods_GBShop.framework */; };
		9B88EB3B387EC15DECC5E1E0 /* Pods_GBShopTests.framework in Frameworks */ = {isa = PBXBuildFile; fileRef = A23613A0A634AD3036820078 /* Pods_GBShopTests.framework */; };
		9DD1A62C01EA22889008F123 /* Pods_GBShop_GBShopUITests.framework in Frameworks */ = {isa = PBXBuildFile; fileRef = 00695F216B902016EA36B83C /* Pods_GBShop_GBShopUITests.framework */; };
/* End PBXBuildFile section */

/* Begin PBXContainerItemProxy section */
		15FE68AB258E09F30082FB3B /* PBXContainerItemProxy */ = {
			isa = PBXContainerItemProxy;
			containerPortal = 15FE688C258E09ED0082FB3B /* Project object */;
			proxyType = 1;
			remoteGlobalIDString = 15FE6893258E09ED0082FB3B;
			remoteInfo = GBShop;
		};
		15FE68B6258E09F40082FB3B /* PBXContainerItemProxy */ = {
			isa = PBXContainerItemProxy;
			containerPortal = 15FE688C258E09ED0082FB3B /* Project object */;
			proxyType = 1;
			remoteGlobalIDString = 15FE6893258E09ED0082FB3B;
			remoteInfo = GBShop;
		};
/* End PBXContainerItemProxy section */

/* Begin PBXFileReference section */
		00695F216B902016EA36B83C /* Pods_GBShop_GBShopUITests.framework */ = {isa = PBXFileReference; explicitFileType = wrapper.framework; includeInIndex = 0; path = Pods_GBShop_GBShopUITests.framework; sourceTree = BUILT_PRODUCTS_DIR; };
		150040FF25A860CF00EE53ED /* AddReviewResult.swift */ = {isa = PBXFileReference; lastKnownFileType = sourcecode.swift; path = AddReviewResult.swift; sourceTree = "<group>"; };
		1500410125A860E900EE53ED /* ApproveReviewResult.swift */ = {isa = PBXFileReference; lastKnownFileType = sourcecode.swift; path = ApproveReviewResult.swift; sourceTree = "<group>"; };
		1500410325A8610300EE53ED /* RemoveReviewResult.swift */ = {isa = PBXFileReference; lastKnownFileType = sourcecode.swift; path = RemoveReviewResult.swift; sourceTree = "<group>"; };
		1500410525A8629900EE53ED /* ReviewRequestFactory.swift */ = {isa = PBXFileReference; lastKnownFileType = sourcecode.swift; path = ReviewRequestFactory.swift; sourceTree = "<group>"; };
		1500410725A8645400EE53ED /* Review.swift */ = {isa = PBXFileReference; lastKnownFileType = sourcecode.swift; path = Review.swift; sourceTree = "<group>"; };
		1500410B25A86DA000EE53ED /* ReviewTest.swift */ = {isa = PBXFileReference; lastKnownFileType = sourcecode.swift; path = ReviewTest.swift; sourceTree = "<group>"; };
		1513599F2597358F00E0CB81 /* GoodsTest.swift */ = {isa = PBXFileReference; lastKnownFileType = sourcecode.swift; path = GoodsTest.swift; sourceTree = "<group>"; };
		151359A12597387A00E0CB81 /* LoginTest.swift */ = {isa = PBXFileReference; lastKnownFileType = sourcecode.swift; path = LoginTest.swift; sourceTree = "<group>"; };
		1574C92925B07781001A210B /* AddToBasketResult.swift */ = {isa = PBXFileReference; lastKnownFileType = sourcecode.swift; path = AddToBasketResult.swift; sourceTree = "<group>"; };
		1574C92B25B077CE001A210B /* GetBasketResult.swift */ = {isa = PBXFileReference; lastKnownFileType = sourcecode.swift; path = GetBasketResult.swift; sourceTree = "<group>"; };
		1574C92D25B0780E001A210B /* RemoveFromBasketResult.swift */ = {isa = PBXFileReference; lastKnownFileType = sourcecode.swift; path = RemoveFromBasketResult.swift; sourceTree = "<group>"; };
		1574C92F25B0783B001A210B /* PayOrderResult.swift */ = {isa = PBXFileReference; lastKnownFileType = sourcecode.swift; path = PayOrderResult.swift; sourceTree = "<group>"; };
		1574C93125B078F0001A210B /* BasketRequestFactory.swift */ = {isa = PBXFileReference; lastKnownFileType = sourcecode.swift; path = BasketRequestFactory.swift; sourceTree = "<group>"; };
		1574C93325B07971001A210B /* Basket.swift */ = {isa = PBXFileReference; lastKnownFileType = sourcecode.swift; path = Basket.swift; sourceTree = "<group>"; };
		15A50C0B2591E96F00C4D9B0 /* User.swift */ = {isa = PBXFileReference; lastKnownFileType = sourcecode.swift; path = User.swift; sourceTree = "<group>"; };
		15A50C0D2591E9BA00C4D9B0 /* RegisterResult.swift */ = {isa = PBXFileReference; lastKnownFileType = sourcecode.swift; path = RegisterResult.swift; sourceTree = "<group>"; };
		15A50C0F2591E9E200C4D9B0 /* LoginResult.swift */ = {isa = PBXFileReference; lastKnownFileType = sourcecode.swift; path = LoginResult.swift; sourceTree = "<group>"; };
		15A50C112591E9FB00C4D9B0 /* LogoutResult.swift */ = {isa = PBXFileReference; lastKnownFileType = sourcecode.swift; path = LogoutResult.swift; sourceTree = "<group>"; };
		15A50C132591EA1100C4D9B0 /* ChangeUserDataResult.swift */ = {isa = PBXFileReference; lastKnownFileType = sourcecode.swift; path = ChangeUserDataResult.swift; sourceTree = "<group>"; };
		15A50C152591EABB00C4D9B0 /* AbstractErrorParser.swift */ = {isa = PBXFileReference; lastKnownFileType = sourcecode.swift; path = AbstractErrorParser.swift; sourceTree = "<group>"; };
		15A50C172591EADB00C4D9B0 /* ErrorParser.swift */ = {isa = PBXFileReference; lastKnownFileType = sourcecode.swift; path = ErrorParser.swift; sourceTree = "<group>"; };
		15A50C192591EB0E00C4D9B0 /* ResponseCodable.swift */ = {isa = PBXFileReference; lastKnownFileType = sourcecode.swift; path = ResponseCodable.swift; sourceTree = "<group>"; };
		15A50C1B2591EB3400C4D9B0 /* AbstractRequestFactory.swift */ = {isa = PBXFileReference; lastKnownFileType = sourcecode.swift; path = AbstractRequestFactory.swift; sourceTree = "<group>"; };
		15A50C1D2591EB5500C4D9B0 /* RequestRouter.swift */ = {isa = PBXFileReference; lastKnownFileType = sourcecode.swift; path = RequestRouter.swift; sourceTree = "<group>"; };
		15A50C1F2591FAF600C4D9B0 /* RequestFactory.swift */ = {isa = PBXFileReference; lastKnownFileType = sourcecode.swift; path = RequestFactory.swift; sourceTree = "<group>"; };
		15A50C212591FB2B00C4D9B0 /* AuthRequestFactory.swift */ = {isa = PBXFileReference; lastKnownFileType = sourcecode.swift; path = AuthRequestFactory.swift; sourceTree = "<group>"; };
		15A50C232591FB5600C4D9B0 /* Auth.swift */ = {isa = PBXFileReference; lastKnownFileType = sourcecode.swift; path = Auth.swift; sourceTree = "<group>"; };
		15A50C252591FBBE00C4D9B0 /* RegisterRequestFactory.swift */ = {isa = PBXFileReference; lastKnownFileType = sourcecode.swift; path = RegisterRequestFactory.swift; sourceTree = "<group>"; };
		15A50C272591FBE200C4D9B0 /* Register.swift */ = {isa = PBXFileReference; lastKnownFileType = sourcecode.swift; path = Register.swift; sourceTree = "<group>"; };
		15A50C292591FC1900C4D9B0 /* ChangeUserDataRequestFactory.swift */ = {isa = PBXFileReference; lastKnownFileType = sourcecode.swift; path = ChangeUserDataRequestFactory.swift; sourceTree = "<group>"; };
		15A50C2B2591FC3B00C4D9B0 /* ChangeUserData.swift */ = {isa = PBXFileReference; lastKnownFileType = sourcecode.swift; path = ChangeUserData.swift; sourceTree = "<group>"; };
		15B18F832595F6D000E62D84 /* CatalogArray.swift */ = {isa = PBXFileReference; lastKnownFileType = sourcecode.swift; path = CatalogArray.swift; sourceTree = "<group>"; };
		15B18F852595F77E00E62D84 /* CatalogRequestFactory.swift */ = {isa = PBXFileReference; lastKnownFileType = sourcecode.swift; path = CatalogRequestFactory.swift; sourceTree = "<group>"; };
		15B18F87259602C500E62D84 /* ProductResult.swift */ = {isa = PBXFileReference; lastKnownFileType = sourcecode.swift; path = ProductResult.swift; sourceTree = "<group>"; };
		15B18F892596102600E62D84 /* Goods.swift */ = {isa = PBXFileReference; lastKnownFileType = sourcecode.swift; path = Goods.swift; sourceTree = "<group>"; };
		15F6323D25B2EF5700C66466 /* BasketTest.swift */ = {isa = PBXFileReference; lastKnownFileType = sourcecode.swift; path = BasketTest.swift; sourceTree = "<group>"; };
		15FE6894258E09ED0082FB3B /* GBShop.app */ = {isa = PBXFileReference; explicitFileType = wrapper.application; includeInIndex = 0; path = GBShop.app; sourceTree = BUILT_PRODUCTS_DIR; };
		15FE6897258E09ED0082FB3B /* AppDelegate.swift */ = {isa = PBXFileReference; lastKnownFileType = sourcecode.swift; path = AppDelegate.swift; sourceTree = "<group>"; };
		15FE6899258E09ED0082FB3B /* SceneDelegate.swift */ = {isa = PBXFileReference; lastKnownFileType = sourcecode.swift; path = SceneDelegate.swift; sourceTree = "<group>"; };
		15FE68A0258E09F30082FB3B /* Assets.xcassets */ = {isa = PBXFileReference; lastKnownFileType = folder.assetcatalog; path = Assets.xcassets; sourceTree = "<group>"; };
		15FE68A3258E09F30082FB3B /* Base */ = {isa = PBXFileReference; lastKnownFileType = file.storyboard; name = Base; path = Base.lproj/LaunchScreen.storyboard; sourceTree = "<group>"; };
		15FE68A5258E09F30082FB3B /* Info.plist */ = {isa = PBXFileReference; lastKnownFileType = text.plist.xml; path = Info.plist; sourceTree = "<group>"; };
		15FE68AA258E09F30082FB3B /* GBShopTests.xctest */ = {isa = PBXFileReference; explicitFileType = wrapper.cfbundle; includeInIndex = 0; path = GBShopTests.xctest; sourceTree = BUILT_PRODUCTS_DIR; };
		15FE68B0258E09F30082FB3B /* Info.plist */ = {isa = PBXFileReference; lastKnownFileType = text.plist.xml; path = Info.plist; sourceTree = "<group>"; };
		15FE68B5258E09F40082FB3B /* GBShopUITests.xctest */ = {isa = PBXFileReference; explicitFileType = wrapper.cfbundle; includeInIndex = 0; path = GBShopUITests.xctest; sourceTree = BUILT_PRODUCTS_DIR; };
		15FE68B9258E09F40082FB3B /* GBShopUITests.swift */ = {isa = PBXFileReference; lastKnownFileType = sourcecode.swift; path = GBShopUITests.swift; sourceTree = "<group>"; };
		15FE68BB258E09F40082FB3B /* Info.plist */ = {isa = PBXFileReference; lastKnownFileType = text.plist.xml; path = Info.plist; sourceTree = "<group>"; };
		2AA9CB76A211322C3753E196 /* Pods-GBShopTests.release.xcconfig */ = {isa = PBXFileReference; includeInIndex = 1; lastKnownFileType = text.xcconfig; name = "Pods-GBShopTests.release.xcconfig"; path = "Target Support Files/Pods-GBShopTests/Pods-GBShopTests.release.xcconfig"; sourceTree = "<group>"; };
		306C57FBE3C15AC8F8658585 /* Pods-GBShop.debug.xcconfig */ = {isa = PBXFileReference; includeInIndex = 1; lastKnownFileType = text.xcconfig; name = "Pods-GBShop.debug.xcconfig"; path = "Target Support Files/Pods-GBShop/Pods-GBShop.debug.xcconfig"; sourceTree = "<group>"; };
		9E9288DE73544D90D6A90F3C /* Pods-GBShop-GBShopUITests.debug.xcconfig */ = {isa = PBXFileReference; includeInIndex = 1; lastKnownFileType = text.xcconfig; name = "Pods-GBShop-GBShopUITests.debug.xcconfig"; path = "Target Support Files/Pods-GBShop-GBShopUITests/Pods-GBShop-GBShopUITests.debug.xcconfig"; sourceTree = "<group>"; };
		A23613A0A634AD3036820078 /* Pods_GBShopTests.framework */ = {isa = PBXFileReference; explicitFileType = wrapper.framework; includeInIndex = 0; path = Pods_GBShopTests.framework; sourceTree = BUILT_PRODUCTS_DIR; };
		F131FD396EB51233E6416E10 /* Pods-GBShop-GBShopUITests.release.xcconfig */ = {isa = PBXFileReference; includeInIndex = 1; lastKnownFileType = text.xcconfig; name = "Pods-GBShop-GBShopUITests.release.xcconfig"; path = "Target Support Files/Pods-GBShop-GBShopUITests/Pods-GBShop-GBShopUITests.release.xcconfig"; sourceTree = "<group>"; };
		F24624DD35F636C39F0D0B2E /* Pods-GBShopTests.debug.xcconfig */ = {isa = PBXFileReference; includeInIndex = 1; lastKnownFileType = text.xcconfig; name = "Pods-GBShopTests.debug.xcconfig"; path = "Target Support Files/Pods-GBShopTests/Pods-GBShopTests.debug.xcconfig"; sourceTree = "<group>"; };
		FCAB2589B3C8DA369D37768D /* Pods_GBShop.framework */ = {isa = PBXFileReference; explicitFileType = wrapper.framework; includeInIndex = 0; path = Pods_GBShop.framework; sourceTree = BUILT_PRODUCTS_DIR; };
		FF4DCBAED859B3CB4D93CBFA /* Pods-GBShop.release.xcconfig */ = {isa = PBXFileReference; includeInIndex = 1; lastKnownFileType = text.xcconfig; name = "Pods-GBShop.release.xcconfig"; path = "Target Support Files/Pods-GBShop/Pods-GBShop.release.xcconfig"; sourceTree = "<group>"; };
/* End PBXFileReference section */

/* Begin PBXFrameworksBuildPhase section */
		15FE6891258E09ED0082FB3B /* Frameworks */ = {
			isa = PBXFrameworksBuildPhase;
			buildActionMask = 2147483647;
			files = (
				6A54508A50FBD74901590676 /* Pods_GBShop.framework in Frameworks */,
			);
			runOnlyForDeploymentPostprocessing = 0;
		};
		15FE68A7258E09F30082FB3B /* Frameworks */ = {
			isa = PBXFrameworksBuildPhase;
			buildActionMask = 2147483647;
			files = (
				9B88EB3B387EC15DECC5E1E0 /* Pods_GBShopTests.framework in Frameworks */,
			);
			runOnlyForDeploymentPostprocessing = 0;
		};
		15FE68B2258E09F40082FB3B /* Frameworks */ = {
			isa = PBXFrameworksBuildPhase;
			buildActionMask = 2147483647;
			files = (
				9DD1A62C01EA22889008F123 /* Pods_GBShop_GBShopUITests.framework in Frameworks */,
			);
			runOnlyForDeploymentPostprocessing = 0;
		};
/* End PBXFrameworksBuildPhase section */

/* Begin PBXGroup section */
		150040F925A85D7D00EE53ED /* Login */ = {
			isa = PBXGroup;
			children = (
				15A50C0B2591E96F00C4D9B0 /* User.swift */,
				15A50C0D2591E9BA00C4D9B0 /* RegisterResult.swift */,
				15A50C0F2591E9E200C4D9B0 /* LoginResult.swift */,
				15A50C112591E9FB00C4D9B0 /* LogoutResult.swift */,
				15A50C132591EA1100C4D9B0 /* ChangeUserDataResult.swift */,
			);
			path = Login;
			sourceTree = "<group>";
		};
		150040FA25A85D9D00EE53ED /* Goods */ = {
			isa = PBXGroup;
			children = (
				15B18F832595F6D000E62D84 /* CatalogArray.swift */,
				15B18F87259602C500E62D84 /* ProductResult.swift */,
			);
			path = Goods;
			sourceTree = "<group>";
		};
		150040FB25A85DB200EE53ED /* Review */ = {
			isa = PBXGroup;
			children = (
				150040FF25A860CF00EE53ED /* AddReviewResult.swift */,
				1500410125A860E900EE53ED /* ApproveReviewResult.swift */,
				1500410325A8610300EE53ED /* RemoveReviewResult.swift */,
			);
			path = Review;
			sourceTree = "<group>";
		};
		150040FC25A85DCF00EE53ED /* Login */ = {
			isa = PBXGroup;
			children = (
				15A50C212591FB2B00C4D9B0 /* AuthRequestFactory.swift */,
				15A50C232591FB5600C4D9B0 /* Auth.swift */,
				15A50C252591FBBE00C4D9B0 /* RegisterRequestFactory.swift */,
				15A50C272591FBE200C4D9B0 /* Register.swift */,
				15A50C292591FC1900C4D9B0 /* ChangeUserDataRequestFactory.swift */,
				15A50C2B2591FC3B00C4D9B0 /* ChangeUserData.swift */,
			);
			path = Login;
			sourceTree = "<group>";
		};
		150040FD25A85DF600EE53ED /* Goods */ = {
			isa = PBXGroup;
			children = (
				15B18F852595F77E00E62D84 /* CatalogRequestFactory.swift */,
				15B18F892596102600E62D84 /* Goods.swift */,
			);
			path = Goods;
			sourceTree = "<group>";
		};
		150040FE25A85E1700EE53ED /* Review */ = {
			isa = PBXGroup;
			children = (
				1500410525A8629900EE53ED /* ReviewRequestFactory.swift */,
				1500410725A8645400EE53ED /* Review.swift */,
			);
			path = Review;
			sourceTree = "<group>";
		};
		1558CFCD25935BC900A02D34 /* Network */ = {
			isa = PBXGroup;
			children = (
				1574C92725B068A5001A210B /* Basket */,
				150040FB25A85DB200EE53ED /* Review */,
				150040FA25A85D9D00EE53ED /* Goods */,
				150040F925A85D7D00EE53ED /* Login */,
			);
			path = Network;
			sourceTree = "<group>";
		};
		1558CFCE25935BD900A02D34 /* Network */ = {
			isa = PBXGroup;
			children = (
				1574C92825B068B2001A210B /* Basket */,
				150040FE25A85E1700EE53ED /* Review */,
				150040FD25A85DF600EE53ED /* Goods */,
				150040FC25A85DCF00EE53ED /* Login */,
				15A50C1F2591FAF600C4D9B0 /* RequestFactory.swift */,
			);
			path = Network;
			sourceTree = "<group>";
		};
		1558CFCF25935BF000A02D34 /* Network */ = {
			isa = PBXGroup;
			children = (
				15A50C152591EABB00C4D9B0 /* AbstractErrorParser.swift */,
				15A50C172591EADB00C4D9B0 /* ErrorParser.swift */,
				15A50C192591EB0E00C4D9B0 /* ResponseCodable.swift */,
				15A50C1B2591EB3400C4D9B0 /* AbstractRequestFactory.swift */,
				15A50C1D2591EB5500C4D9B0 /* RequestRouter.swift */,
			);
			path = Network;
			sourceTree = "<group>";
		};
		1574C92725B068A5001A210B /* Basket */ = {
			isa = PBXGroup;
			children = (
				1574C92925B07781001A210B /* AddToBasketResult.swift */,
				1574C92B25B077CE001A210B /* GetBasketResult.swift */,
				1574C92D25B0780E001A210B /* RemoveFromBasketResult.swift */,
				1574C92F25B0783B001A210B /* PayOrderResult.swift */,
			);
			path = Basket;
			sourceTree = "<group>";
		};
		1574C92825B068B2001A210B /* Basket */ = {
			isa = PBXGroup;
			children = (
				1574C93125B078F0001A210B /* BasketRequestFactory.swift */,
				1574C93325B07971001A210B /* Basket.swift */,
			);
			path = Basket;
			sourceTree = "<group>";
		};
		15FE688B258E09ED0082FB3B = {
			isa = PBXGroup;
			children = (
				15FE6896258E09ED0082FB3B /* GBShop */,
				15FE68AD258E09F30082FB3B /* GBShopTests */,
				15FE68B8258E09F40082FB3B /* GBShopUITests */,
				15FE6895258E09ED0082FB3B /* Products */,
				C759DC0F69C8488CC1930A2F /* Pods */,
				DA533D39862C944CC3F69D9D /* Frameworks */,
			);
			sourceTree = "<group>";
		};
		15FE6895258E09ED0082FB3B /* Products */ = {
			isa = PBXGroup;
			children = (
				15FE6894258E09ED0082FB3B /* GBShop.app */,
				15FE68AA258E09F30082FB3B /* GBShopTests.xctest */,
				15FE68B5258E09F40082FB3B /* GBShopUITests.xctest */,
			);
			name = Products;
			sourceTree = "<group>";
		};
		15FE6896258E09ED0082FB3B /* GBShop */ = {
			isa = PBXGroup;
			children = (
				15FE68C7258E0BBF0082FB3B /* App */,
				15FE68CE258E0C8D0082FB3B /* Core */,
				15FE68CF258E0CAD0082FB3B /* Resources */,
				15FE68D0258E0CEC0082FB3B /* Environments */,
			);
			path = GBShop;
			sourceTree = "<group>";
		};
		15FE68AD258E09F30082FB3B /* GBShopTests */ = {
			isa = PBXGroup;
			children = (
				151359A12597387A00E0CB81 /* LoginTest.swift */,
				1513599F2597358F00E0CB81 /* GoodsTest.swift */,
				1500410B25A86DA000EE53ED /* ReviewTest.swift */,
				15F6323D25B2EF5700C66466 /* BasketTest.swift */,
				15FE68B0258E09F30082FB3B /* Info.plist */,
			);
			path = GBShopTests;
			sourceTree = "<group>";
		};
		15FE68B8258E09F40082FB3B /* GBShopUITests */ = {
			isa = PBXGroup;
			children = (
				15FE68B9258E09F40082FB3B /* GBShopUITests.swift */,
				15FE68BB258E09F40082FB3B /* Info.plist */,
			);
			path = GBShopUITests;
			sourceTree = "<group>";
		};
		15FE68C7258E0BBF0082FB3B /* App */ = {
			isa = PBXGroup;
			children = (
				15FE68CC258E0C2E0082FB3B /* Flows */,
				15FE68CA258E0C0E0082FB3B /* Assembly */,
				15FE68C9258E0BF50082FB3B /* Entity */,
				15FE68C8258E0BE00082FB3B /* BusinessLogic */,
			);
			path = App;
			sourceTree = "<group>";
		};
		15FE68C8258E0BE00082FB3B /* BusinessLogic */ = {
			isa = PBXGroup;
			children = (
				1558CFCE25935BD900A02D34 /* Network */,
			);
			path = BusinessLogic;
			sourceTree = "<group>";
		};
		15FE68C9258E0BF50082FB3B /* Entity */ = {
			isa = PBXGroup;
			children = (
				1558CFCD25935BC900A02D34 /* Network */,
			);
			path = Entity;
			sourceTree = "<group>";
		};
		15FE68CA258E0C0E0082FB3B /* Assembly */ = {
			isa = PBXGroup;
			children = (
			);
			path = Assembly;
			sourceTree = "<group>";
		};
		15FE68CC258E0C2E0082FB3B /* Flows */ = {
			isa = PBXGroup;
			children = (
				15FE6897258E09ED0082FB3B /* AppDelegate.swift */,
				15FE6899258E09ED0082FB3B /* SceneDelegate.swift */,
			);
			path = Flows;
			sourceTree = "<group>";
		};
		15FE68CE258E0C8D0082FB3B /* Core */ = {
			isa = PBXGroup;
			children = (
				1558CFCF25935BF000A02D34 /* Network */,
			);
			path = Core;
			sourceTree = "<group>";
		};
		15FE68CF258E0CAD0082FB3B /* Resources */ = {
			isa = PBXGroup;
			children = (
				15FE68A0258E09F30082FB3B /* Assets.xcassets */,
				15FE68A2258E09F30082FB3B /* LaunchScreen.storyboard */,
				15FE68A5258E09F30082FB3B /* Info.plist */,
			);
			path = Resources;
			sourceTree = "<group>";
		};
		15FE68D0258E0CEC0082FB3B /* Environments */ = {
			isa = PBXGroup;
			children = (
			);
			path = Environments;
			sourceTree = "<group>";
		};
		C759DC0F69C8488CC1930A2F /* Pods */ = {
			isa = PBXGroup;
			children = (
				306C57FBE3C15AC8F8658585 /* Pods-GBShop.debug.xcconfig */,
				FF4DCBAED859B3CB4D93CBFA /* Pods-GBShop.release.xcconfig */,
				9E9288DE73544D90D6A90F3C /* Pods-GBShop-GBShopUITests.debug.xcconfig */,
				F131FD396EB51233E6416E10 /* Pods-GBShop-GBShopUITests.release.xcconfig */,
				F24624DD35F636C39F0D0B2E /* Pods-GBShopTests.debug.xcconfig */,
				2AA9CB76A211322C3753E196 /* Pods-GBShopTests.release.xcconfig */,
			);
			path = Pods;
			sourceTree = "<group>";
		};
		DA533D39862C944CC3F69D9D /* Frameworks */ = {
			isa = PBXGroup;
			children = (
				FCAB2589B3C8DA369D37768D /* Pods_GBShop.framework */,
				00695F216B902016EA36B83C /* Pods_GBShop_GBShopUITests.framework */,
				A23613A0A634AD3036820078 /* Pods_GBShopTests.framework */,
			);
			name = Frameworks;
			sourceTree = "<group>";
		};
/* End PBXGroup section */

/* Begin PBXNativeTarget section */
		15FE6893258E09ED0082FB3B /* GBShop */ = {
			isa = PBXNativeTarget;
			buildConfigurationList = 15FE68BE258E09F40082FB3B /* Build configuration list for PBXNativeTarget "GBShop" */;
			buildPhases = (
				F00F73177369FF9F5539F69F /* [CP] Check Pods Manifest.lock */,
				15FE6890258E09ED0082FB3B /* Sources */,
				15FE6891258E09ED0082FB3B /* Frameworks */,
				15FE6892258E09ED0082FB3B /* Resources */,
				507CDF99A2462BC6526C32C7 /* [CP] Embed Pods Frameworks */,
			);
			buildRules = (
			);
			dependencies = (
			);
			name = GBShop;
			productName = GBShop;
			productReference = 15FE6894258E09ED0082FB3B /* GBShop.app */;
			productType = "com.apple.product-type.application";
		};
		15FE68A9258E09F30082FB3B /* GBShopTests */ = {
			isa = PBXNativeTarget;
			buildConfigurationList = 15FE68C1258E09F40082FB3B /* Build configuration list for PBXNativeTarget "GBShopTests" */;
			buildPhases = (
				328577AD9B92FB8340669688 /* [CP] Check Pods Manifest.lock */,
				15FE68A6258E09F30082FB3B /* Sources */,
				15FE68A7258E09F30082FB3B /* Frameworks */,
				15FE68A8258E09F30082FB3B /* Resources */,
			);
			buildRules = (
			);
			dependencies = (
				15FE68AC258E09F30082FB3B /* PBXTargetDependency */,
			);
			name = GBShopTests;
			productName = GBShopTests;
			productReference = 15FE68AA258E09F30082FB3B /* GBShopTests.xctest */;
			productType = "com.apple.product-type.bundle.unit-test";
		};
		15FE68B4258E09F40082FB3B /* GBShopUITests */ = {
			isa = PBXNativeTarget;
			buildConfigurationList = 15FE68C4258E09F40082FB3B /* Build configuration list for PBXNativeTarget "GBShopUITests" */;
			buildPhases = (
				0D442CAADFD90F340E3A30E3 /* [CP] Check Pods Manifest.lock */,
				15FE68B1258E09F40082FB3B /* Sources */,
				15FE68B2258E09F40082FB3B /* Frameworks */,
				15FE68B3258E09F40082FB3B /* Resources */,
				6B75AE5EA6C30E29637AA545 /* [CP] Embed Pods Frameworks */,
			);
			buildRules = (
			);
			dependencies = (
				15FE68B7258E09F40082FB3B /* PBXTargetDependency */,
			);
			name = GBShopUITests;
			productName = GBShopUITests;
			productReference = 15FE68B5258E09F40082FB3B /* GBShopUITests.xctest */;
			productType = "com.apple.product-type.bundle.ui-testing";
		};
/* End PBXNativeTarget section */

/* Begin PBXProject section */
		15FE688C258E09ED0082FB3B /* Project object */ = {
			isa = PBXProject;
			attributes = {
				LastSwiftUpdateCheck = 1170;
				LastUpgradeCheck = 1170;
				ORGANIZATIONNAME = "Alexey Malkov";
				TargetAttributes = {
					15FE6893258E09ED0082FB3B = {
						CreatedOnToolsVersion = 11.7;
					};
					15FE68A9258E09F30082FB3B = {
						CreatedOnToolsVersion = 11.7;
						TestTargetID = 15FE6893258E09ED0082FB3B;
					};
					15FE68B4258E09F40082FB3B = {
						CreatedOnToolsVersion = 11.7;
						TestTargetID = 15FE6893258E09ED0082FB3B;
					};
				};
			};
			buildConfigurationList = 15FE688F258E09ED0082FB3B /* Build configuration list for PBXProject "GBShop" */;
			compatibilityVersion = "Xcode 9.3";
			developmentRegion = en;
			hasScannedForEncodings = 0;
			knownRegions = (
				en,
				Base,
			);
			mainGroup = 15FE688B258E09ED0082FB3B;
			productRefGroup = 15FE6895258E09ED0082FB3B /* Products */;
			projectDirPath = "";
			projectRoot = "";
			targets = (
				15FE6893258E09ED0082FB3B /* GBShop */,
				15FE68A9258E09F30082FB3B /* GBShopTests */,
				15FE68B4258E09F40082FB3B /* GBShopUITests */,
			);
		};
/* End PBXProject section */

/* Begin PBXResourcesBuildPhase section */
		15FE6892258E09ED0082FB3B /* Resources */ = {
			isa = PBXResourcesBuildPhase;
			buildActionMask = 2147483647;
			files = (
				15FE68A4258E09F30082FB3B /* LaunchScreen.storyboard in Resources */,
				15FE68A1258E09F30082FB3B /* Assets.xcassets in Resources */,
			);
			runOnlyForDeploymentPostprocessing = 0;
		};
		15FE68A8258E09F30082FB3B /* Resources */ = {
			isa = PBXResourcesBuildPhase;
			buildActionMask = 2147483647;
			files = (
			);
			runOnlyForDeploymentPostprocessing = 0;
		};
		15FE68B3258E09F40082FB3B /* Resources */ = {
			isa = PBXResourcesBuildPhase;
			buildActionMask = 2147483647;
			files = (
			);
			runOnlyForDeploymentPostprocessing = 0;
		};
/* End PBXResourcesBuildPhase section */

/* Begin PBXShellScriptBuildPhase section */
		0D442CAADFD90F340E3A30E3 /* [CP] Check Pods Manifest.lock */ = {
			isa = PBXShellScriptBuildPhase;
			buildActionMask = 2147483647;
			files = (
			);
			inputFileListPaths = (
			);
			inputPaths = (
				"${PODS_PODFILE_DIR_PATH}/Podfile.lock",
				"${PODS_ROOT}/Manifest.lock",
			);
			name = "[CP] Check Pods Manifest.lock";
			outputFileListPaths = (
			);
			outputPaths = (
				"$(DERIVED_FILE_DIR)/Pods-GBShop-GBShopUITests-checkManifestLockResult.txt",
			);
			runOnlyForDeploymentPostprocessing = 0;
			shellPath = /bin/sh;
			shellScript = "diff \"${PODS_PODFILE_DIR_PATH}/Podfile.lock\" \"${PODS_ROOT}/Manifest.lock\" > /dev/null\nif [ $? != 0 ] ; then\n    # print error to STDERR\n    echo \"error: The sandbox is not in sync with the Podfile.lock. Run 'pod install' or update your CocoaPods installation.\" >&2\n    exit 1\nfi\n# This output is used by Xcode 'outputs' to avoid re-running this script phase.\necho \"SUCCESS\" > \"${SCRIPT_OUTPUT_FILE_0}\"\n";
			showEnvVarsInLog = 0;
		};
		328577AD9B92FB8340669688 /* [CP] Check Pods Manifest.lock */ = {
			isa = PBXShellScriptBuildPhase;
			buildActionMask = 2147483647;
			files = (
			);
			inputFileListPaths = (
			);
			inputPaths = (
				"${PODS_PODFILE_DIR_PATH}/Podfile.lock",
				"${PODS_ROOT}/Manifest.lock",
			);
			name = "[CP] Check Pods Manifest.lock";
			outputFileListPaths = (
			);
			outputPaths = (
				"$(DERIVED_FILE_DIR)/Pods-GBShopTests-checkManifestLockResult.txt",
			);
			runOnlyForDeploymentPostprocessing = 0;
			shellPath = /bin/sh;
			shellScript = "diff \"${PODS_PODFILE_DIR_PATH}/Podfile.lock\" \"${PODS_ROOT}/Manifest.lock\" > /dev/null\nif [ $? != 0 ] ; then\n    # print error to STDERR\n    echo \"error: The sandbox is not in sync with the Podfile.lock. Run 'pod install' or update your CocoaPods installation.\" >&2\n    exit 1\nfi\n# This output is used by Xcode 'outputs' to avoid re-running this script phase.\necho \"SUCCESS\" > \"${SCRIPT_OUTPUT_FILE_0}\"\n";
			showEnvVarsInLog = 0;
		};
		507CDF99A2462BC6526C32C7 /* [CP] Embed Pods Frameworks */ = {
			isa = PBXShellScriptBuildPhase;
			buildActionMask = 2147483647;
			files = (
			);
			inputFileListPaths = (
				"${PODS_ROOT}/Target Support Files/Pods-GBShop/Pods-GBShop-frameworks-${CONFIGURATION}-input-files.xcfilelist",
			);
			name = "[CP] Embed Pods Frameworks";
			outputFileListPaths = (
				"${PODS_ROOT}/Target Support Files/Pods-GBShop/Pods-GBShop-frameworks-${CONFIGURATION}-output-files.xcfilelist",
			);
			runOnlyForDeploymentPostprocessing = 0;
			shellPath = /bin/sh;
			shellScript = "\"${PODS_ROOT}/Target Support Files/Pods-GBShop/Pods-GBShop-frameworks.sh\"\n";
			showEnvVarsInLog = 0;
		};
		6B75AE5EA6C30E29637AA545 /* [CP] Embed Pods Frameworks */ = {
			isa = PBXShellScriptBuildPhase;
			buildActionMask = 2147483647;
			files = (
			);
			inputFileListPaths = (
				"${PODS_ROOT}/Target Support Files/Pods-GBShop-GBShopUITests/Pods-GBShop-GBShopUITests-frameworks-${CONFIGURATION}-input-files.xcfilelist",
			);
			name = "[CP] Embed Pods Frameworks";
			outputFileListPaths = (
				"${PODS_ROOT}/Target Support Files/Pods-GBShop-GBShopUITests/Pods-GBShop-GBShopUITests-frameworks-${CONFIGURATION}-output-files.xcfilelist",
			);
			runOnlyForDeploymentPostprocessing = 0;
			shellPath = /bin/sh;
			shellScript = "\"${PODS_ROOT}/Target Support Files/Pods-GBShop-GBShopUITests/Pods-GBShop-GBShopUITests-frameworks.sh\"\n";
			showEnvVarsInLog = 0;
		};
		F00F73177369FF9F5539F69F /* [CP] Check Pods Manifest.lock */ = {
			isa = PBXShellScriptBuildPhase;
			buildActionMask = 2147483647;
			files = (
			);
			inputFileListPaths = (
			);
			inputPaths = (
				"${PODS_PODFILE_DIR_PATH}/Podfile.lock",
				"${PODS_ROOT}/Manifest.lock",
			);
			name = "[CP] Check Pods Manifest.lock";
			outputFileListPaths = (
			);
			outputPaths = (
				"$(DERIVED_FILE_DIR)/Pods-GBShop-checkManifestLockResult.txt",
			);
			runOnlyForDeploymentPostprocessing = 0;
			shellPath = /bin/sh;
			shellScript = "diff \"${PODS_PODFILE_DIR_PATH}/Podfile.lock\" \"${PODS_ROOT}/Manifest.lock\" > /dev/null\nif [ $? != 0 ] ; then\n    # print error to STDERR\n    echo \"error: The sandbox is not in sync with the Podfile.lock. Run 'pod install' or update your CocoaPods installation.\" >&2\n    exit 1\nfi\n# This output is used by Xcode 'outputs' to avoid re-running this script phase.\necho \"SUCCESS\" > \"${SCRIPT_OUTPUT_FILE_0}\"\n";
			showEnvVarsInLog = 0;
		};
/* End PBXShellScriptBuildPhase section */

/* Begin PBXSourcesBuildPhase section */
		15FE6890258E09ED0082FB3B /* Sources */ = {
			isa = PBXSourcesBuildPhase;
			buildActionMask = 2147483647;
			files = (
				15A50C2C2591FC3B00C4D9B0 /* ChangeUserData.swift in Sources */,
				15A50C1C2591EB3400C4D9B0 /* AbstractRequestFactory.swift in Sources */,
				15A50C282591FBE200C4D9B0 /* Register.swift in Sources */,
				15A50C122591E9FB00C4D9B0 /* LogoutResult.swift in Sources */,
				1500410225A860E900EE53ED /* ApproveReviewResult.swift in Sources */,
				15A50C1A2591EB0E00C4D9B0 /* ResponseCodable.swift in Sources */,
				15B18F88259602C500E62D84 /* ProductResult.swift in Sources */,
				1500410625A8629900EE53ED /* ReviewRequestFactory.swift in Sources */,
				15B18F862595F77E00E62D84 /* CatalogRequestFactory.swift in Sources */,
				1500410825A8645400EE53ED /* Review.swift in Sources */,
				15A50C202591FAF600C4D9B0 /* RequestFactory.swift in Sources */,
				15FE6898258E09ED0082FB3B /* AppDelegate.swift in Sources */,
				15A50C242591FB5600C4D9B0 /* Auth.swift in Sources */,
				15FE689A258E09ED0082FB3B /* SceneDelegate.swift in Sources */,
				15A50C142591EA1100C4D9B0 /* ChangeUserDataResult.swift in Sources */,
				15A50C182591EADB00C4D9B0 /* ErrorParser.swift in Sources */,
				15A50C102591E9E200C4D9B0 /* LoginResult.swift in Sources */,
				15A50C1E2591EB5500C4D9B0 /* RequestRouter.swift in Sources */,
				1500410425A8610300EE53ED /* RemoveReviewResult.swift in Sources */,
				15B18F8A2596102600E62D84 /* Goods.swift in Sources */,
				1574C93025B0783B001A210B /* PayOrderResult.swift in Sources */,
				15A50C222591FB2B00C4D9B0 /* AuthRequestFactory.swift in Sources */,
				1574C92A25B07781001A210B /* AddToBasketResult.swift in Sources */,
				15A50C2A2591FC1900C4D9B0 /* ChangeUserDataRequestFactory.swift in Sources */,
				1574C92C25B077CE001A210B /* GetBasketResult.swift in Sources */,
				1574C93425B07971001A210B /* Basket.swift in Sources */,
				1574C92E25B0780E001A210B /* RemoveFromBasketResult.swift in Sources */,
				1500410025A860CF00EE53ED /* AddReviewResult.swift in Sources */,
				15B18F842595F6D000E62D84 /* CatalogArray.swift in Sources */,
				15A50C0C2591E96F00C4D9B0 /* User.swift in Sources */,
				15A50C262591FBBE00C4D9B0 /* RegisterRequestFactory.swift in Sources */,
				15A50C0E2591E9BA00C4D9B0 /* RegisterResult.swift in Sources */,
				15A50C162591EABB00C4D9B0 /* AbstractErrorParser.swift in Sources */,
				1574C93225B078F0001A210B /* BasketRequestFactory.swift in Sources */,
			);
			runOnlyForDeploymentPostprocessing = 0;
		};
		15FE68A6258E09F30082FB3B /* Sources */ = {
			isa = PBXSourcesBuildPhase;
			buildActionMask = 2147483647;
			files = (
				151359A02597359000E0CB81 /* GoodsTest.swift in Sources */,
				15F6323E25B2EF5700C66466 /* BasketTest.swift in Sources */,
				151359A22597387A00E0CB81 /* LoginTest.swift in Sources */,
				1500410C25A86DA000EE53ED /* ReviewTest.swift in Sources */,
			);
			runOnlyForDeploymentPostprocessing = 0;
		};
		15FE68B1258E09F40082FB3B /* Sources */ = {
			isa = PBXSourcesBuildPhase;
			buildActionMask = 2147483647;
			files = (
				15FE68BA258E09F40082FB3B /* GBShopUITests.swift in Sources */,
			);
			runOnlyForDeploymentPostprocessing = 0;
		};
/* End PBXSourcesBuildPhase section */

/* Begin PBXTargetDependency section */
		15FE68AC258E09F30082FB3B /* PBXTargetDependency */ = {
			isa = PBXTargetDependency;
			target = 15FE6893258E09ED0082FB3B /* GBShop */;
			targetProxy = 15FE68AB258E09F30082FB3B /* PBXContainerItemProxy */;
		};
		15FE68B7258E09F40082FB3B /* PBXTargetDependency */ = {
			isa = PBXTargetDependency;
			target = 15FE6893258E09ED0082FB3B /* GBShop */;
			targetProxy = 15FE68B6258E09F40082FB3B /* PBXContainerItemProxy */;
		};
/* End PBXTargetDependency section */

/* Begin PBXVariantGroup section */
		15FE68A2258E09F30082FB3B /* LaunchScreen.storyboard */ = {
			isa = PBXVariantGroup;
			children = (
				15FE68A3258E09F30082FB3B /* Base */,
			);
			name = LaunchScreen.storyboard;
			sourceTree = "<group>";
		};
/* End PBXVariantGroup section */

/* Begin XCBuildConfiguration section */
		15FE68BC258E09F40082FB3B /* Debug */ = {
			isa = XCBuildConfiguration;
			buildSettings = {
				ALWAYS_SEARCH_USER_PATHS = NO;
				CLANG_ANALYZER_NONNULL = YES;
				CLANG_ANALYZER_NUMBER_OBJECT_CONVERSION = YES_AGGRESSIVE;
				CLANG_CXX_LANGUAGE_STANDARD = "gnu++14";
				CLANG_CXX_LIBRARY = "libc++";
				CLANG_ENABLE_MODULES = YES;
				CLANG_ENABLE_OBJC_ARC = YES;
				CLANG_ENABLE_OBJC_WEAK = YES;
				CLANG_WARN_BLOCK_CAPTURE_AUTORELEASING = YES;
				CLANG_WARN_BOOL_CONVERSION = YES;
				CLANG_WARN_COMMA = YES;
				CLANG_WARN_CONSTANT_CONVERSION = YES;
				CLANG_WARN_DEPRECATED_OBJC_IMPLEMENTATIONS = YES;
				CLANG_WARN_DIRECT_OBJC_ISA_USAGE = YES_ERROR;
				CLANG_WARN_DOCUMENTATION_COMMENTS = YES;
				CLANG_WARN_EMPTY_BODY = YES;
				CLANG_WARN_ENUM_CONVERSION = YES;
				CLANG_WARN_INFINITE_RECURSION = YES;
				CLANG_WARN_INT_CONVERSION = YES;
				CLANG_WARN_NON_LITERAL_NULL_CONVERSION = YES;
				CLANG_WARN_OBJC_IMPLICIT_RETAIN_SELF = YES;
				CLANG_WARN_OBJC_LITERAL_CONVERSION = YES;
				CLANG_WARN_OBJC_ROOT_CLASS = YES_ERROR;
				CLANG_WARN_RANGE_LOOP_ANALYSIS = YES;
				CLANG_WARN_STRICT_PROTOTYPES = YES;
				CLANG_WARN_SUSPICIOUS_MOVE = YES;
				CLANG_WARN_UNGUARDED_AVAILABILITY = YES_AGGRESSIVE;
				CLANG_WARN_UNREACHABLE_CODE = YES;
				CLANG_WARN__DUPLICATE_METHOD_MATCH = YES;
				COPY_PHASE_STRIP = NO;
				DEBUG_INFORMATION_FORMAT = dwarf;
				ENABLE_STRICT_OBJC_MSGSEND = YES;
				ENABLE_TESTABILITY = YES;
				GCC_C_LANGUAGE_STANDARD = gnu11;
				GCC_DYNAMIC_NO_PIC = NO;
				GCC_NO_COMMON_BLOCKS = YES;
				GCC_OPTIMIZATION_LEVEL = 0;
				GCC_PREPROCESSOR_DEFINITIONS = (
					"DEBUG=1",
					"$(inherited)",
				);
				GCC_WARN_64_TO_32_BIT_CONVERSION = YES;
				GCC_WARN_ABOUT_RETURN_TYPE = YES_ERROR;
				GCC_WARN_UNDECLARED_SELECTOR = YES;
				GCC_WARN_UNINITIALIZED_AUTOS = YES_AGGRESSIVE;
				GCC_WARN_UNUSED_FUNCTION = YES;
				GCC_WARN_UNUSED_VARIABLE = YES;
				IPHONEOS_DEPLOYMENT_TARGET = 13.7;
				MTL_ENABLE_DEBUG_INFO = INCLUDE_SOURCE;
				MTL_FAST_MATH = YES;
				ONLY_ACTIVE_ARCH = YES;
				SDKROOT = iphoneos;
				SWIFT_ACTIVE_COMPILATION_CONDITIONS = DEBUG;
				SWIFT_OPTIMIZATION_LEVEL = "-Onone";
			};
			name = Debug;
		};
		15FE68BD258E09F40082FB3B /* Release */ = {
			isa = XCBuildConfiguration;
			buildSettings = {
				ALWAYS_SEARCH_USER_PATHS = NO;
				CLANG_ANALYZER_NONNULL = YES;
				CLANG_ANALYZER_NUMBER_OBJECT_CONVERSION = YES_AGGRESSIVE;
				CLANG_CXX_LANGUAGE_STANDARD = "gnu++14";
				CLANG_CXX_LIBRARY = "libc++";
				CLANG_ENABLE_MODULES = YES;
				CLANG_ENABLE_OBJC_ARC = YES;
				CLANG_ENABLE_OBJC_WEAK = YES;
				CLANG_WARN_BLOCK_CAPTURE_AUTORELEASING = YES;
				CLANG_WARN_BOOL_CONVERSION = YES;
				CLANG_WARN_COMMA = YES;
				CLANG_WARN_CONSTANT_CONVERSION = YES;
				CLANG_WARN_DEPRECATED_OBJC_IMPLEMENTATIONS = YES;
				CLANG_WARN_DIRECT_OBJC_ISA_USAGE = YES_ERROR;
				CLANG_WARN_DOCUMENTATION_COMMENTS = YES;
				CLANG_WARN_EMPTY_BODY = YES;
				CLANG_WARN_ENUM_CONVERSION = YES;
				CLANG_WARN_INFINITE_RECURSION = YES;
				CLANG_WARN_INT_CONVERSION = YES;
				CLANG_WARN_NON_LITERAL_NULL_CONVERSION = YES;
				CLANG_WARN_OBJC_IMPLICIT_RETAIN_SELF = YES;
				CLANG_WARN_OBJC_LITERAL_CONVERSION = YES;
				CLANG_WARN_OBJC_ROOT_CLASS = YES_ERROR;
				CLANG_WARN_RANGE_LOOP_ANALYSIS = YES;
				CLANG_WARN_STRICT_PROTOTYPES = YES;
				CLANG_WARN_SUSPICIOUS_MOVE = YES;
				CLANG_WARN_UNGUARDED_AVAILABILITY = YES_AGGRESSIVE;
				CLANG_WARN_UNREACHABLE_CODE = YES;
				CLANG_WARN__DUPLICATE_METHOD_MATCH = YES;
				COPY_PHASE_STRIP = NO;
				DEBUG_INFORMATION_FORMAT = "dwarf-with-dsym";
				ENABLE_NS_ASSERTIONS = NO;
				ENABLE_STRICT_OBJC_MSGSEND = YES;
				GCC_C_LANGUAGE_STANDARD = gnu11;
				GCC_NO_COMMON_BLOCKS = YES;
				GCC_WARN_64_TO_32_BIT_CONVERSION = YES;
				GCC_WARN_ABOUT_RETURN_TYPE = YES_ERROR;
				GCC_WARN_UNDECLARED_SELECTOR = YES;
				GCC_WARN_UNINITIALIZED_AUTOS = YES_AGGRESSIVE;
				GCC_WARN_UNUSED_FUNCTION = YES;
				GCC_WARN_UNUSED_VARIABLE = YES;
				IPHONEOS_DEPLOYMENT_TARGET = 13.7;
				MTL_ENABLE_DEBUG_INFO = NO;
				MTL_FAST_MATH = YES;
				SDKROOT = iphoneos;
				SWIFT_COMPILATION_MODE = wholemodule;
				SWIFT_OPTIMIZATION_LEVEL = "-O";
				VALIDATE_PRODUCT = YES;
			};
			name = Release;
		};
		15FE68BF258E09F40082FB3B /* Debug */ = {
			isa = XCBuildConfiguration;
			baseConfigurationReference = 306C57FBE3C15AC8F8658585 /* Pods-GBShop.debug.xcconfig */;
			buildSettings = {
				ASSETCATALOG_COMPILER_APPICON_NAME = AppIcon;
				CODE_SIGN_STYLE = Automatic;
				DEVELOPMENT_TEAM = KMFAG46DC2;
				INFOPLIST_FILE = "$(SRCROOT)/GBShop/Resources/Info.plist";
				LD_RUNPATH_SEARCH_PATHS = (
					"$(inherited)",
					"@executable_path/Frameworks",
				);
				PRODUCT_BUNDLE_IDENTIFIER = com.alexeymalkov.GBShop;
				PRODUCT_NAME = "$(TARGET_NAME)";
				SWIFT_VERSION = 5.0;
				TARGETED_DEVICE_FAMILY = "1,2";
			};
			name = Debug;
		};
		15FE68C0258E09F40082FB3B /* Release */ = {
			isa = XCBuildConfiguration;
			baseConfigurationReference = FF4DCBAED859B3CB4D93CBFA /* Pods-GBShop.release.xcconfig */;
			buildSettings = {
				ASSETCATALOG_COMPILER_APPICON_NAME = AppIcon;
				CODE_SIGN_STYLE = Automatic;
				DEVELOPMENT_TEAM = KMFAG46DC2;
				INFOPLIST_FILE = "$(SRCROOT)/GBShop/Resources/Info.plist";
				LD_RUNPATH_SEARCH_PATHS = (
					"$(inherited)",
					"@executable_path/Frameworks",
				);
				PRODUCT_BUNDLE_IDENTIFIER = com.alexeymalkov.GBShop;
				PRODUCT_NAME = "$(TARGET_NAME)";
				SWIFT_VERSION = 5.0;
				TARGETED_DEVICE_FAMILY = "1,2";
			};
			name = Release;
		};
		15FE68C2258E09F40082FB3B /* Debug */ = {
			isa = XCBuildConfiguration;
			baseConfigurationReference = F24624DD35F636C39F0D0B2E /* Pods-GBShopTests.debug.xcconfig */;
			buildSettings = {
				ALWAYS_EMBED_SWIFT_STANDARD_LIBRARIES = YES;
				BUNDLE_LOADER = "$(TEST_HOST)";
				CODE_SIGN_STYLE = Automatic;
				DEVELOPMENT_TEAM = KMFAG46DC2;
				INFOPLIST_FILE = GBShopTests/Info.plist;
				IPHONEOS_DEPLOYMENT_TARGET = 13.7;
				LD_RUNPATH_SEARCH_PATHS = (
					"$(inherited)",
					"@executable_path/Frameworks",
					"@loader_path/Frameworks",
				);
				PRODUCT_BUNDLE_IDENTIFIER = com.alexeymalkov.GBShopTests;
				PRODUCT_NAME = "$(TARGET_NAME)";
				SWIFT_VERSION = 5.0;
				TARGETED_DEVICE_FAMILY = "1,2";
				TEST_HOST = "$(BUILT_PRODUCTS_DIR)/GBShop.app/GBShop";
			};
			name = Debug;
		};
		15FE68C3258E09F40082FB3B /* Release */ = {
			isa = XCBuildConfiguration;
			baseConfigurationReference = 2AA9CB76A211322C3753E196 /* Pods-GBShopTests.release.xcconfig */;
			buildSettings = {
				ALWAYS_EMBED_SWIFT_STANDARD_LIBRARIES = YES;
				BUNDLE_LOADER = "$(TEST_HOST)";
				CODE_SIGN_STYLE = Automatic;
				DEVELOPMENT_TEAM = KMFAG46DC2;
				INFOPLIST_FILE = GBShopTests/Info.plist;
				IPHONEOS_DEPLOYMENT_TARGET = 13.7;
				LD_RUNPATH_SEARCH_PATHS = (
					"$(inherited)",
					"@executable_path/Frameworks",
					"@loader_path/Frameworks",
				);
				PRODUCT_BUNDLE_IDENTIFIER = com.alexeymalkov.GBShopTests;
				PRODUCT_NAME = "$(TARGET_NAME)";
				SWIFT_VERSION = 5.0;
				TARGETED_DEVICE_FAMILY = "1,2";
				TEST_HOST = "$(BUILT_PRODUCTS_DIR)/GBShop.app/GBShop";
			};
			name = Release;
		};
		15FE68C5258E09F40082FB3B /* Debug */ = {
			isa = XCBuildConfiguration;
			baseConfigurationReference = 9E9288DE73544D90D6A90F3C /* Pods-GBShop-GBShopUITests.debug.xcconfig */;
			buildSettings = {
				ALWAYS_EMBED_SWIFT_STANDARD_LIBRARIES = YES;
				CODE_SIGN_STYLE = Automatic;
				DEVELOPMENT_TEAM = KMFAG46DC2;
				INFOPLIST_FILE = GBShopUITests/Info.plist;
				LD_RUNPATH_SEARCH_PATHS = (
					"$(inherited)",
					"@executable_path/Frameworks",
					"@loader_path/Frameworks",
				);
				PRODUCT_BUNDLE_IDENTIFIER = com.alexeymalkov.GBShopUITests;
				PRODUCT_NAME = "$(TARGET_NAME)";
				SWIFT_VERSION = 5.0;
				TARGETED_DEVICE_FAMILY = "1,2";
				TEST_TARGET_NAME = GBShop;
			};
			name = Debug;
		};
		15FE68C6258E09F40082FB3B /* Release */ = {
			isa = XCBuildConfiguration;
			baseConfigurationReference = F131FD396EB51233E6416E10 /* Pods-GBShop-GBShopUITests.release.xcconfig */;
			buildSettings = {
				ALWAYS_EMBED_SWIFT_STANDARD_LIBRARIES = YES;
				CODE_SIGN_STYLE = Automatic;
				DEVELOPMENT_TEAM = KMFAG46DC2;
				INFOPLIST_FILE = GBShopUITests/Info.plist;
				LD_RUNPATH_SEARCH_PATHS = (
					"$(inherited)",
					"@executable_path/Frameworks",
					"@loader_path/Frameworks",
				);
				PRODUCT_BUNDLE_IDENTIFIER = com.alexeymalkov.GBShopUITests;
				PRODUCT_NAME = "$(TARGET_NAME)";
				SWIFT_VERSION = 5.0;
				TARGETED_DEVICE_FAMILY = "1,2";
				TEST_TARGET_NAME = GBShop;
			};
			name = Release;
		};
/* End XCBuildConfiguration section */

/* Begin XCConfigurationList section */
		15FE688F258E09ED0082FB3B /* Build configuration list for PBXProject "GBShop" */ = {
			isa = XCConfigurationList;
			buildConfigurations = (
				15FE68BC258E09F40082FB3B /* Debug */,
				15FE68BD258E09F40082FB3B /* Release */,
			);
			defaultConfigurationIsVisible = 0;
			defaultConfigurationName = Release;
		};
		15FE68BE258E09F40082FB3B /* Build configuration list for PBXNativeTarget "GBShop" */ = {
			isa = XCConfigurationList;
			buildConfigurations = (
				15FE68BF258E09F40082FB3B /* Debug */,
				15FE68C0258E09F40082FB3B /* Release */,
			);
			defaultConfigurationIsVisible = 0;
			defaultConfigurationName = Release;
		};
		15FE68C1258E09F40082FB3B /* Build configuration list for PBXNativeTarget "GBShopTests" */ = {
			isa = XCConfigurationList;
			buildConfigurations = (
				15FE68C2258E09F40082FB3B /* Debug */,
				15FE68C3258E09F40082FB3B /* Release */,
			);
			defaultConfigurationIsVisible = 0;
			defaultConfigurationName = Release;
		};
		15FE68C4258E09F40082FB3B /* Build configuration list for PBXNativeTarget "GBShopUITests" */ = {
			isa = XCConfigurationList;
			buildConfigurations = (
				15FE68C5258E09F40082FB3B /* Debug */,
				15FE68C6258E09F40082FB3B /* Release */,
			);
			defaultConfigurationIsVisible = 0;
			defaultConfigurationName = Release;
		};
/* End XCConfigurationList section */
	};
	rootObject = 15FE688C258E09ED0082FB3B /* Project object */;
}
